Microsoft Visual Studio Solution File, Format Version 12.00
# Visual Studio 2012
Project("{FAE04EC0-301F-11D3-BF4B-00C04F79EFBC}") = "GodotXUnit", "GodotXUnit.csproj", "{B6A000AB-04AE-4D1E-A0D5-93911E363F6D}"
EndProject
Project("{FAE04EC0-301F-11D3-BF4B-00C04F79EFBC}") = "GodotXUnitApi", "addons\GodotXUnit\GodotXUnitApi\GodotXUnitApi.csproj", "{06417CA9-47A6-44C4-B5D9-D623F0FF10A4}"
EndProject
Project("{FAE04EC0-301F-11D3-BF4B-00C04F79EFBC}") = "SubProjectForUnitTests", "tests\SubProjectForUnitTests\SubProjectForUnitTests.csproj", "{022DF5E6-3BCD-42BC-B94B-F817D7E43177}"
EndProject
Project("{FAE04EC0-301F-11D3-BF4B-00C04F79EFBC}") = "SubProjectForIntegrationTests", "tests\SubProjectForIntegrationTests\SubProjectForIntegrationTests.csproj", "{32219474-F3BA-479D-A8E2-34BD243B16F0}"
EndProject
Global
	GlobalSection(SolutionConfigurationPlatforms) = preSolution
	Debug|Any CPU = Debug|Any CPU
	ExportDebug|Any CPU = ExportDebug|Any CPU
	ExportRelease|Any CPU = ExportRelease|Any CPU
	EndGlobalSection
	GlobalSection(ProjectConfigurationPlatforms) = postSolution
		{B6A000AB-04AE-4D1E-A0D5-93911E363F6D}.Debug|Any CPU.ActiveCfg = Debug|Any CPU
		{B6A000AB-04AE-4D1E-A0D5-93911E363F6D}.Debug|Any CPU.Build.0 = Debug|Any CPU
		{B6A000AB-04AE-4D1E-A0D5-93911E363F6D}.ExportDebug|Any CPU.ActiveCfg = ExportDebug|Any CPU
		{B6A000AB-04AE-4D1E-A0D5-93911E363F6D}.ExportDebug|Any CPU.Build.0 = ExportDebug|Any CPU
		{B6A000AB-04AE-4D1E-A0D5-93911E363F6D}.ExportRelease|Any CPU.ActiveCfg = ExportRelease|Any CPU
		{B6A000AB-04AE-4D1E-A0D5-93911E363F6D}.ExportRelease|Any CPU.Build.0 = ExportRelease|Any CPU
		{06417CA9-47A6-44C4-B5D9-D623F0FF10A4}.Debug|Any CPU.ActiveCfg = Debug|Any CPU
		{06417CA9-47A6-44C4-B5D9-D623F0FF10A4}.Debug|Any CPU.Build.0 = Debug|Any CPU
		{06417CA9-47A6-44C4-B5D9-D623F0FF10A4}.ExportDebug|Any CPU.ActiveCfg = Debug|Any CPU
		{06417CA9-47A6-44C4-B5D9-D623F0FF10A4}.ExportDebug|Any CPU.Build.0 = Debug|Any CPU
		{06417CA9-47A6-44C4-B5D9-D623F0FF10A4}.ExportRelease|Any CPU.ActiveCfg = Debug|Any CPU
		{06417CA9-47A6-44C4-B5D9-D623F0FF10A4}.ExportRelease|Any CPU.Build.0 = Debug|Any CPU
		{022DF5E6-3BCD-42BC-B94B-F817D7E43177}.Debug|Any CPU.ActiveCfg = Debug|Any CPU
		{022DF5E6-3BCD-42BC-B94B-F817D7E43177}.Debug|Any CPU.Build.0 = Debug|Any CPU
		{022DF5E6-3BCD-42BC-B94B-F817D7E43177}.ExportDebug|Any CPU.ActiveCfg = Debug|Any CPU
		{022DF5E6-3BCD-42BC-B94B-F817D7E43177}.ExportDebug|Any CPU.Build.0 = Debug|Any CPU
		{022DF5E6-3BCD-42BC-B94B-F817D7E43177}.ExportRelease|Any CPU.ActiveCfg = Debug|Any CPU
		{022DF5E6-3BCD-42BC-B94B-F817D7E43177}.ExportRelease|Any CPU.Build.0 = Debug|Any CPU
		{32219474-F3BA-479D-A8E2-34BD243B16F0}.Debug|Any CPU.ActiveCfg = Debug|Any CPU
		{32219474-F3BA-479D-A8E2-34BD243B16F0}.Debug|Any CPU.Build.0 = Debug|Any CPU
		{32219474-F3BA-479D-A8E2-34BD243B16F0}.ExportDebug|Any CPU.ActiveCfg = Debug|Any CPU
		{32219474-F3BA-479D-A8E2-34BD243B16F0}.ExportDebug|Any CPU.Build.0 = Debug|Any CPU
		{32219474-F3BA-479D-A8E2-34BD243B16F0}.ExportRelease|Any CPU.ActiveCfg = Debug|Any CPU
		{32219474-F3BA-479D-A8E2-34BD243B16F0}.ExportRelease|Any CPU.Build.0 = Debug|Any CPU
	EndGlobalSection
EndGlobal
